
Microsoft Visual Studio Solution File, Format Version 12.00
# Visual Studio Version 17
VisualStudioVersion = 17.6.33723.286
MinimumVisualStudioVersion = 10.0.40219.1
Project("{FAE04EC0-301F-11D3-BF4B-00C04F79EFBC}") = "WpfApp1", "WpfApp1\WpfApp1.csproj", "{470531AD-F785-47EE-8BC0-E761AC54DC9F}"
EndProject
Global
	GlobalSection(SolutionConfigurationPlatforms) = preSolution
		Debug|Any CPU = Debug|Any CPU
		Release|Any CPU = Release|Any CPU
	EndGlobalSection
	GlobalSection(ProjectConfigurationPlatforms) = postSolution
		{470531AD-F785-47EE-8BC0-E761AC54DC9F}.Debug|Any CPU.ActiveCfg = Debug|Any CPU
		{470531AD-F785-47EE-8BC0-E761AC54DC9F}.Debug|Any CPU.Build.0 = Debug|Any CPU
		{470531AD-F785-47EE-8BC0-E761AC54DC9F}.Release|Any CPU.ActiveCfg = Release|Any CPU
		{470531AD-F785-47EE-8BC0-E761AC54DC9F}.Release|Any CPU.Build.0 = Release|Any CPU
	EndGlobalSection
	GlobalSection(SolutionProperties) = preSolution
		HideSolutionNode = FALSE
	EndGlobalSection
	GlobalSection(ExtensibilityGlobals) = postSolution
		SolutionGuid = {9074FEAE-3BA0-44F4-A360-F7D52F6C6B19}
	EndGlobalSection
EndGlobal
